{
  "name": "api-tests-sample",
  "version": "1.0.0",
  "lockfileVersion": 3,
  "requires": true,
  "packages": {
    "": {
      "name": "api-tests-sample",
      "version": "1.0.0",
      "license": "ISC",
      "dependencies": {
        "class-transformer": "^0.5.1",
        "class-validator": "^0.14.1",
        "reflect-metadata": "^0.2.2"
      },
      "devDependencies": {
        "@playwright/test": "^1.49.1",
        "@types/node": "^22.10.2",
        "typescript": "^5.7.2"
      }
    },
    "node_modules/@playwright/test": {
      "version": "1.49.1",
      "resolved": "https://registry.npmjs.org/@playwright/test/-/test-1.49.1.tgz",
      "integrity": "sha512-Ky+BVzPz8pL6PQxHqNRW1k3mIyv933LML7HktS8uik0bUXNCdPhoS/kLihiO1tMf/egaJb4IutXd7UywvXEW+g==",
      "dev": true,
      "dependencies": {
        "playwright": "1.49.1"
      },
      "bin": {
        "playwright": "cli.js"
      },
      "engines": {
        "node": ">=18"
      }
    },
    "node_modules/@types/node": {
      "version": "22.10.2",
      "resolved": "https://registry.npmjs.org/@types/node/-/node-22.10.2.tgz",
      "integrity": "sha512-Xxr6BBRCAOQixvonOye19wnzyDiUtTeqldOOmj3CkeblonbccA12PFwlufvRdrpjXxqnmUaeiU5EOA+7s5diUQ==",
      "dev": true,
      "dependencies": {
        "undici-types": "~6.20.0"
      }
    },
    "node_modules/@types/validator": {
      "version": "13.12.2",
      "resolved": "https://registry.npmjs.org/@types/validator/-/validator-13.12.2.tgz",
      "integrity": "sha512-6SlHBzUW8Jhf3liqrGGXyTJSIFe4nqlJ5A5KaMZ2l/vbM3Wh3KSybots/wfWVzNLK4D1NZluDlSQIbIEPx6oyA=="
    },
    "node_modules/class-transformer": {
      "version": "0.5.1",
      "resolved": "https://registry.npmjs.org/class-transformer/-/class-transformer-0.5.1.tgz",
      "integrity": "sha512-SQa1Ws6hUbfC98vKGxZH3KFY0Y1lm5Zm0SY8XX9zbK7FJCyVEac3ATW0RIpwzW+oOfmHE5PMPufDG9hCfoEOMw=="
    },
    "node_modules/class-validator": {
      "version": "0.14.1",
      "resolved": "https://registry.npmjs.org/class-validator/-/class-validator-0.14.1.tgz",
      "integrity": "sha512-2VEG9JICxIqTpoK1eMzZqaV+u/EiwEJkMGzTrZf6sU/fwsnOITVgYJ8yojSy6CaXtO9V0Cc6ZQZ8h8m4UBuLwQ==",
      "dependencies": {
        "@types/validator": "^13.11.8",
        "libphonenumber-js": "^1.10.53",
        "validator": "^13.9.0"
      }
    },
    "node_modules/fsevents": {
      "version": "2.3.2",
      "resolved": "https://registry.npmjs.org/fsevents/-/fsevents-2.3.2.tgz",
      "integrity": "sha512-xiqMQR4xAeHTuB9uWm+fFRcIOgKBMiOBP+eXiyT7jsgVCq1bkVygt00oASowB7EdtpOHaaPgKt812P9ab+DDKA==",
      "dev": true,
      "hasInstallScript": true,
      "optional": true,
      "os": [
        "darwin"
      ],
      "engines": {
        "node": "^8.16.0 || ^10.6.0 || >=11.0.0"
      }
    },
    "node_modules/libphonenumber-js": {
      "version": "1.11.16",
      "resolved": "https://registry.npmjs.org/libphonenumber-js/-/libphonenumber-js-1.11.16.tgz",
      "integrity": "sha512-Noyazmt0yOvnG0OeRY45Cd1ur8G7Z0HWVkuCuKe+yysGNxPQwBAODBQQ40j0AIagi9ZWurfmmZWNlpg4h4W+XQ=="
    },
    "node_modules/playwright": {
      "version": "1.49.1",
      "resolved": "https://registry.npmjs.org/playwright/-/playwright-1.49.1.tgz",
      "integrity": "sha512-VYL8zLoNTBxVOrJBbDuRgDWa3i+mfQgDTrL8Ah9QXZ7ax4Dsj0MSq5bYgytRnDVVe+njoKnfsYkH3HzqVj5UZA==",
      "dev": true,
      "dependencies": {
        "playwright-core": "1.49.1"
      },
      "bin": {
        "playwright": "cli.js"
      },
      "engines": {
        "node": ">=18"
      },
      "optionalDependencies": {
        "fsevents": "2.3.2"
      }
    },
    "node_modules/playwright-core": {
      "version": "1.49.1",
      "resolved": "https://registry.npmjs.org/playwright-core/-/playwright-core-1.49.1.tgz",
      "integrity": "sha512-BzmpVcs4kE2CH15rWfzpjzVGhWERJfmnXmniSyKeRZUs9Ws65m+RGIi7mjJK/euCegfn3i7jvqWeWyHe9y3Vgg==",
      "dev": true,
      "bin": {
        "playwright-core": "cli.js"
      },
      "engines": {
        "node": ">=18"
      }
    },
    "node_modules/reflect-metadata": {
      "version": "0.2.2",
      "resolved": "https://registry.npmjs.org/reflect-metadata/-/reflect-metadata-0.2.2.tgz",
      "integrity": "sha512-urBwgfrvVP/eAyXx4hluJivBKzuEbSQs9rKWCrCkbSxNv8mxPcUZKeuoF3Uy4mJl3Lwprp6yy5/39VWigZ4K6Q=="
    },
    "node_modules/typescript": {
      "version": "5.7.2",
      "resolved": "https://registry.npmjs.org/typescript/-/typescript-5.7.2.tgz",
      "integrity": "sha512-i5t66RHxDvVN40HfDd1PsEThGNnlMCMT3jMUuoh9/0TaqWevNontacunWyN02LA9/fIbEWlcHZcgTKb9QoaLfg==",
      "dev": true,
      "bin": {
        "tsc": "bin/tsc",
        "tsserver": "bin/tsserver"
      },
      "engines": {
        "node": ">=14.17"
      }
    },
    "node_modules/undici-types": {
      "version": "6.20.0",
      "resolved": "https://registry.npmjs.org/undici-types/-/undici-types-6.20.0.tgz",
      "integrity": "sha512-Ny6QZ2Nju20vw1SRHe3d9jVu6gJ+4e3+MMpqu7pqE5HT6WsTSlce++GQmK5UXS8mzV8DSYHrQH+Xrf2jVcuKNg==",
      "dev": true
    },
    "node_modules/validator": {
      "version": "13.12.0",
      "resolved": "https://registry.npmjs.org/validator/-/validator-13.12.0.tgz",
      "integrity": "sha512-c1Q0mCiPlgdTVVVIJIrBuxNicYE+t/7oKeI9MWLj3fh/uq2Pxh/3eeWbVZ4OcGW1TUf53At0njHw5SMdA3tmMg==",
      "engines": {
        "node": ">= 0.10"
      }
    }
  }
}
